
Microsoft Visual Studio Solution File, Format Version 12.00
# Visual Studio 15
VisualStudioVersion = 15.0.26430.16
MinimumVisualStudioVersion = 10.0.40219.1
Project("{9A19103F-16F7-4668-BE54-9A1E7A4F7556}") = "Tweety", "Tweety\Tweety.csproj", "{E5EE35F3-040E-4225-AB1F-ED46A42697EC}"
EndProject
Project("{2150E333-8FDC-42A3-9474-1A3956D46DE8}") = "Source", "Source", "{63BCF10E-D539-4F67-91E3-601937294151}"
EndProject
Project("{2150E333-8FDC-42A3-9474-1A3956D46DE8}") = "Tests", "Tests", "{1B1BDF8E-DA37-4F03-BBC9-8E2EB5BD6210}"
EndProject
Project("{FAE04EC0-301F-11D3-BF4B-00C04F79EFBC}") = "Tweety.Tests", "Tweety.Tests\Tweety.Tests.csproj", "{C70D1903-9BB7-4A8A-B79B-7DBFC76721DD}"
EndProject
Global
	GlobalSection(SolutionConfigurationPlatforms) = preSolution
		Debug|Any CPU = Debug|Any CPU
		Release|Any CPU = Release|Any CPU
	EndGlobalSection
	GlobalSection(ProjectConfigurationPlatforms) = postSolution
		{E5EE35F3-040E-4225-AB1F-ED46A42697EC}.Debug|Any CPU.ActiveCfg = Debug|Any CPU
		{E5EE35F3-040E-4225-AB1F-ED46A42697EC}.Debug|Any CPU.Build.0 = Debug|Any CPU
		{E5EE35F3-040E-4225-AB1F-ED46A42697EC}.Release|Any CPU.ActiveCfg = Release|Any CPU
		{E5EE35F3-040E-4225-AB1F-ED46A42697EC}.Release|Any CPU.Build.0 = Release|Any CPU
		{C70D1903-9BB7-4A8A-B79B-7DBFC76721DD}.Debug|Any CPU.ActiveCfg = Debug|Any CPU
		{C70D1903-9BB7-4A8A-B79B-7DBFC76721DD}.Debug|Any CPU.Build.0 = Debug|Any CPU
		{C70D1903-9BB7-4A8A-B79B-7DBFC76721DD}.Release|Any CPU.ActiveCfg = Release|Any CPU
		{C70D1903-9BB7-4A8A-B79B-7DBFC76721DD}.Release|Any CPU.Build.0 = Release|Any CPU
	EndGlobalSection
	GlobalSection(SolutionProperties) = preSolution
		HideSolutionNode = FALSE
	EndGlobalSection
	GlobalSection(NestedProjects) = preSolution
		{E5EE35F3-040E-4225-AB1F-ED46A42697EC} = {63BCF10E-D539-4F67-91E3-601937294151}
		{C70D1903-9BB7-4A8A-B79B-7DBFC76721DD} = {1B1BDF8E-DA37-4F03-BBC9-8E2EB5BD6210}
	EndGlobalSection
EndGlobal
